hash: e64b1349c5fb7f201a89509f49788f6e3a649e25ddf1ba3a143f3bf1addea85d
updated: 2016-05-04T17:14:40.869360902-07:00
imports:
- name: github.com/ansel1/merry
  version: 5d27db058b2209512885615d6b5d96df9569d0c9
- name: github.com/armon/consul-api
  version: dcfedd50ed5334f96adee43fc88518a4f095e15c
- name: github.com/BurntSushi/toml
  version: f0aeabca5a127c4078abb8c8d64298b147264b55
- name: github.com/codegangsta/negroni
  version: 24bf3506bb5e25bf9fe26f644872f77656d51b57
- name: github.com/coreos/go-etcd
  version: 003851be7bb0694fe3cc457a49529a19388ee7cf
- name: github.com/cpuguy83/go-md2man
  version: 2724a9c9051aa62e9cca11304e7dd518e9e41599
- name: github.com/eapache/go-resiliency
  version: b86b1ec0dd4209a588dc1285cdd471e73525c0b3
- name: github.com/fsnotify/fsnotify
  version: 30411dbcefb7a1da7e84f75530ad3abe4011b4f8
- name: github.com/go-errors/errors
  version: a41850380601eeb43f4350f7d17c6bbd8944aaf8
- name: github.com/hashicorp/hcl
  version: 9a905a34e6280ce905da1a32344b25e81011197a
- name: github.com/kr/pretty
  version: add1dbc86daf0f983cd4a48ceb39deb95c729b67
- name: github.com/kr/pty
  version: f7ee69f31298ecbe5d2b349c711e2547a617d398
- name: github.com/kr/text
  version: bb797dc4fb8320488f47bf11de07a733d7233e1f
- name: github.com/magiconair/properties
  version: c265cfa48dda6474e208715ca93e987829f572f8
- name: github.com/mitchellh/mapstructure
  version: d2dd0262208475919e1a362f675cfc0e7c10e905
- name: github.com/pquerna/ffjson
  version: 0ffb2b0305b5927b936a35dc3a440fdfede62420
- name: github.com/pressly/chi
  version: 3031602cdf5cb22ee995ce9905966125f5c6865d
- name: github.com/russross/blackfriday
  version: 43529be3978d5a7b8e144f459e3f96491acc569c
- name: github.com/shurcooL/sanitized_anchor_name
  version: 10ef21a441db47d8b13ebcc5fd2310f636973c77
- name: github.com/Sirupsen/logrus
  version: cd7d1bbe41066b6c1f19780f895901052150a575
- name: github.com/solher/arangolite
  version: aae8f5e920f93cb0a1034cf2e771b343ebad3a21
  subpackages:
  - filters
- name: github.com/solher/snakepit
  version: aa705cdac6da2ae56815cc65161ecf94ee75d3fd
  subpackages:
  - root
  - run
- name: github.com/spf13/cast
  version: 27b586b42e29bec072fe7379259cc719e1289da6
- name: github.com/spf13/cobra
  version: 336d629de064dbb12166b46c06039dbcfb935de1
- name: github.com/spf13/jwalterweatherman
  version: 33c24e77fb80341fe7130ee7c594256ff08ccc46
- name: github.com/spf13/pflag
  version: cb88ea77998c3f024757528e3305022ab50b43be
- name: github.com/spf13/viper
  version: f904a1790545169368e8d37badd19d1895d94f29
- name: github.com/tylerb/graceful
  version: 9a3d4236b03bb5d26f7951134d248f9d5510d599
- name: github.com/ugorji/go
  version: a396ed22fc049df733440d90efe17475e3929ccb
- name: github.com/xordataexchange/crypt
  version: 749e360c8f236773f28fc6d3ddfce4a470795227
- name: golang.org/x/crypto
  version: 019870fc9d457ee8abd13a2e93e3f2a3b55b7119
  subpackages:
  - /bcrypt
- name: golang.org/x/net
  version: 35ec611a141ee705590b9eb64d673f9e6dfeb1ac
  subpackages:
  - /context
- name: golang.org/x/sys
  version: b776ec39b3e54652e09028aaaaac9757f4f8211a
- name: golang.org/x/text
  version: bd1c9905f55d983c0cd0b15cf0c3e2fe860c8902
- name: gopkg.in/airbrake/gobrake.v2
  version: 31c8ff1fb8b79a6947e6565e9a6df535f98a6b94
- name: gopkg.in/eapache/go-resiliency.v1
  version: 6800482f2c813e689c88b7ed3282262385011890
- name: gopkg.in/gemnasium/logrus-airbrake-hook.v2
  version: 31e6fd4bd5a98d8ee7673d24bc54ec73c31810dd
- name: gopkg.in/h2non/gentleman-retry.v1
  version: 075a2da4557bd13331fb4bedce75d5951326f717
- name: gopkg.in/h2non/gentleman.v1
  version: cdb163e01938b9ff2827396e2aecce37de3010d9
- name: gopkg.in/tylerb/graceful.v1
  version: 9a3d4236b03bb5d26f7951134d248f9d5510d599
- name: gopkg.in/yaml.v2
  version: a83829b6f1293c91addabc89d0571c246397bbf4
devImports: []
