hash: e64b1349c5fb7f201a89509f49788f6e3a649e25ddf1ba3a143f3bf1addea85d
updated: 2016-04-23T19:02:50.792692493-07:00
imports:
- name: github.com/ansel1/merry
  version: 5d27db058b2209512885615d6b5d96df9569d0c9
- name: github.com/armon/consul-api
  version: dcfedd50ed5334f96adee43fc88518a4f095e15c
- name: github.com/BurntSushi/toml
  version: bbd5bb678321a0d6e58f1099321dfa73391c1b6f
- name: github.com/codegangsta/negroni
  version: c7477ad8e330bef55bf1ebe300cf8aa67c492d1b
- name: github.com/coreos/go-etcd
  version: 003851be7bb0694fe3cc457a49529a19388ee7cf
- name: github.com/cpuguy83/go-md2man
  version: 2724a9c9051aa62e9cca11304e7dd518e9e41599
- name: github.com/eapache/go-resiliency
  version: b86b1ec0dd4209a588dc1285cdd471e73525c0b3
- name: github.com/fsnotify/fsnotify
  version: 30411dbcefb7a1da7e84f75530ad3abe4011b4f8
- name: github.com/go-errors/errors
  version: a41850380601eeb43f4350f7d17c6bbd8944aaf8
- name: github.com/hashicorp/hcl
  version: 27a57f2605e04995c111273c263d51cee60d9bc4
- name: github.com/kr/pretty
  version: add1dbc86daf0f983cd4a48ceb39deb95c729b67
- name: github.com/kr/pty
  version: f7ee69f31298ecbe5d2b349c711e2547a617d398
- name: github.com/kr/text
  version: bb797dc4fb8320488f47bf11de07a733d7233e1f
- name: github.com/magiconair/properties
  version: c265cfa48dda6474e208715ca93e987829f572f8
- name: github.com/mitchellh/mapstructure
  version: d2dd0262208475919e1a362f675cfc0e7c10e905
- name: github.com/pquerna/ffjson
  version: 7327d038fae6927740461371efe7f330c23c3e5f
- name: github.com/pressly/chi
  version: 3031602cdf5cb22ee995ce9905966125f5c6865d
- name: github.com/russross/blackfriday
  version: 151efb040f183f3b968215a236c71a2614b62879
- name: github.com/shurcooL/sanitized_anchor_name
  version: 10ef21a441db47d8b13ebcc5fd2310f636973c77
- name: github.com/Sirupsen/logrus
  version: 081307d9bc1364753142d5962fc1d795c742baaf
- name: github.com/solher/arangolite
  version: 9c1995a67d4ee546cbc3d2c3dcf23f5919b621b8
  subpackages:
  - filters
- name: github.com/solher/snakepit
  version: 3319354f183690f0c257bc0cea2111688685af99
  subpackages:
  - root
  - run
- name: github.com/spf13/cast
  version: 27b586b42e29bec072fe7379259cc719e1289da6
- name: github.com/spf13/cobra
  version: 4c05eb1145f16d0e6bb4a3e1b6d769f4713cb41f
- name: github.com/spf13/jwalterweatherman
  version: 33c24e77fb80341fe7130ee7c594256ff08ccc46
- name: github.com/spf13/pflag
  version: 8f6a28b0916586e7f22fe931ae2fcfc380b1c0e6
- name: github.com/spf13/viper
  version: f904a1790545169368e8d37badd19d1895d94f29
- name: github.com/tylerb/graceful
  version: 9a3d4236b03bb5d26f7951134d248f9d5510d599
- name: github.com/ugorji/go
  version: a396ed22fc049df733440d90efe17475e3929ccb
- name: github.com/xordataexchange/crypt
  version: 749e360c8f236773f28fc6d3ddfce4a470795227
- name: golang.org/x/crypto
  version: 7b428712abe956d0e9e1e9a01e163fb6c7171438
  subpackages:
  - /bcrypt
- name: golang.org/x/net
  version: b797637b7aeeed133049c7281bfa31dcc9ca42d6
  subpackages:
  - /context
- name: golang.org/x/sys
  version: f64b50fbea64174967a8882830d621a18ee1548e
- name: golang.org/x/text
  version: 3100578f0f8093e37883ba48c9187fe51367ad05
- name: gopkg.in/airbrake/gobrake.v2
  version: 31c8ff1fb8b79a6947e6565e9a6df535f98a6b94
- name: gopkg.in/eapache/go-resiliency.v1
  version: 6800482f2c813e689c88b7ed3282262385011890
- name: gopkg.in/gemnasium/logrus-airbrake-hook.v2
  version: 31e6fd4bd5a98d8ee7673d24bc54ec73c31810dd
- name: gopkg.in/h2non/gentleman-retry.v1
  version: 075a2da4557bd13331fb4bedce75d5951326f717
- name: gopkg.in/h2non/gentleman.v1
  version: cdb163e01938b9ff2827396e2aecce37de3010d9
- name: gopkg.in/tylerb/graceful.v1
  version: 9a3d4236b03bb5d26f7951134d248f9d5510d599
- name: gopkg.in/yaml.v2
  version: a83829b6f1293c91addabc89d0571c246397bbf4
devImports: []
